
Microsoft Visual Studio Solution File, Format Version 12.00
# Visual Studio Version 16
VisualStudioVersion = 16.0.30114.105
MinimumVisualStudioVersion = 10.0.40219.1
Project("{FAE04EC0-301F-11D3-BF4B-00C04F79EFBC}") = "WebApi", "WebApi\WebApi.csproj", "{9307A201-96F2-4586-975A-F092FAFE713C}"
EndProject
Project("{2150E333-8FDC-42A3-9474-1A3956D46DE8}") = "Tests", "Tests", "{E237A3B6-1DFB-4629-88DB-0869010F6C22}"
EndProject
Project("{FAE04EC0-301F-11D3-BF4B-00C04F79EFBC}") = "WebApi.UnitTests", "Tests\WebApi.UnitTests\WebApi.UnitTests.csproj", "{D5314D4E-C198-4D05-9E6D-08082755C9D2}"
EndProject
Global
	GlobalSection(SolutionConfigurationPlatforms) = preSolution
		Debug|Any CPU = Debug|Any CPU
		Debug|x64 = Debug|x64
		Debug|x86 = Debug|x86
		Release|Any CPU = Release|Any CPU
		Release|x64 = Release|x64
		Release|x86 = Release|x86
	EndGlobalSection
	GlobalSection(SolutionProperties) = preSolution
		HideSolutionNode = FALSE
	EndGlobalSection
	GlobalSection(ProjectConfigurationPlatforms) = postSolution
		{9307A201-96F2-4586-975A-F092FAFE713C}.Debug|Any CPU.ActiveCfg = Debug|Any CPU
		{9307A201-96F2-4586-975A-F092FAFE713C}.Debug|Any CPU.Build.0 = Debug|Any CPU
		{9307A201-96F2-4586-975A-F092FAFE713C}.Debug|x64.ActiveCfg = Debug|Any CPU
		{9307A201-96F2-4586-975A-F092FAFE713C}.Debug|x64.Build.0 = Debug|Any CPU
		{9307A201-96F2-4586-975A-F092FAFE713C}.Debug|x86.ActiveCfg = Debug|Any CPU
		{9307A201-96F2-4586-975A-F092FAFE713C}.Debug|x86.Build.0 = Debug|Any CPU
		{9307A201-96F2-4586-975A-F092FAFE713C}.Release|Any CPU.ActiveCfg = Release|Any CPU
		{9307A201-96F2-4586-975A-F092FAFE713C}.Release|Any CPU.Build.0 = Release|Any CPU
		{9307A201-96F2-4586-975A-F092FAFE713C}.Release|x64.ActiveCfg = Release|Any CPU
		{9307A201-96F2-4586-975A-F092FAFE713C}.Release|x64.Build.0 = Release|Any CPU
		{9307A201-96F2-4586-975A-F092FAFE713C}.Release|x86.ActiveCfg = Release|Any CPU
		{9307A201-96F2-4586-975A-F092FAFE713C}.Release|x86.Build.0 = Release|Any CPU
		{D5314D4E-C198-4D05-9E6D-08082755C9D2}.Debug|Any CPU.ActiveCfg = Debug|Any CPU
		{D5314D4E-C198-4D05-9E6D-08082755C9D2}.Debug|Any CPU.Build.0 = Debug|Any CPU
		{D5314D4E-C198-4D05-9E6D-08082755C9D2}.Debug|x64.ActiveCfg = Debug|Any CPU
		{D5314D4E-C198-4D05-9E6D-08082755C9D2}.Debug|x64.Build.0 = Debug|Any CPU
		{D5314D4E-C198-4D05-9E6D-08082755C9D2}.Debug|x86.ActiveCfg = Debug|Any CPU
		{D5314D4E-C198-4D05-9E6D-08082755C9D2}.Debug|x86.Build.0 = Debug|Any CPU
		{D5314D4E-C198-4D05-9E6D-08082755C9D2}.Release|Any CPU.ActiveCfg = Release|Any CPU
		{D5314D4E-C198-4D05-9E6D-08082755C9D2}.Release|Any CPU.Build.0 = Release|Any CPU
		{D5314D4E-C198-4D05-9E6D-08082755C9D2}.Release|x64.ActiveCfg = Release|Any CPU
		{D5314D4E-C198-4D05-9E6D-08082755C9D2}.Release|x64.Build.0 = Release|Any CPU
		{D5314D4E-C198-4D05-9E6D-08082755C9D2}.Release|x86.ActiveCfg = Release|Any CPU
		{D5314D4E-C198-4D05-9E6D-08082755C9D2}.Release|x86.Build.0 = Release|Any CPU
	EndGlobalSection
	GlobalSection(NestedProjects) = preSolution
		{D5314D4E-C198-4D05-9E6D-08082755C9D2} = {E237A3B6-1DFB-4629-88DB-0869010F6C22}
	EndGlobalSection
EndGlobal
